
Microsoft Visual Studio Solution File, Format Version 12.00
# Visual Studio Version 17
VisualStudioVersion = 17.8.34330.188
MinimumVisualStudioVersion = 10.0.40219.1
Project("{8BC9CEB8-8B4A-11D0-8D11-00A0C91BC942}") = "create_native_process", "create_native_process.vcxproj", "{4FD9FA6C-1A96-4A93-92C0-9DC2C299E7FD}"
EndProject
Global
	GlobalSection(SolutionConfigurationPlatforms) = preSolution
		Debug|x64 = Debug|x64
		Debug|x86 = Debug|x86
		Release|x64 = Release|x64
		Release|x86 = Release|x86
	EndGlobalSection
	GlobalSection(ProjectConfigurationPlatforms) = postSolution
		{4FD9FA6C-1A96-4A93-92C0-9DC2C299E7FD}.Debug|x64.ActiveCfg = Debug|x64
		{4FD9FA6C-1A96-4A93-92C0-9DC2C299E7FD}.Debug|x64.Build.0 = Debug|x64
		{4FD9FA6C-1A96-4A93-92C0-9DC2C299E7FD}.Debug|x86.ActiveCfg = Debug|Win32
		{4FD9FA6C-1A96-4A93-92C0-9DC2C299E7FD}.Debug|x86.Build.0 = Debug|Win32
		{4FD9FA6C-1A96-4A93-92C0-9DC2C299E7FD}.Release|x64.ActiveCfg = Release|x64
		{4FD9FA6C-1A96-4A93-92C0-9DC2C299E7FD}.Release|x64.Build.0 = Release|x64
		{4FD9FA6C-1A96-4A93-92C0-9DC2C299E7FD}.Release|x86.ActiveCfg = Release|Win32
		{4FD9FA6C-1A96-4A93-92C0-9DC2C299E7FD}.Release|x86.Build.0 = Release|Win32
	EndGlobalSection
	GlobalSection(SolutionProperties) = preSolution
		HideSolutionNode = FALSE
	EndGlobalSection
	GlobalSection(ExtensibilityGlobals) = postSolution
		SolutionGuid = {DB34E9FB-074C-457F-AA47-AEE486F95521}
	EndGlobalSection
EndGlobal
